
Microsoft Visual Studio Solution File, Format Version 12.00
# Visual Studio 15
VisualStudioVersion = 15.0.27428.1
MinimumVisualStudioVersion = 10.0.40219.1
Project("{FAE04EC0-301F-11D3-BF4B-00C04F79EFBC}") = "TestCore", "TestCore\TestCore.csproj", "{9E44448D-F912-4686-ABBF-9951CB0F6AC5}"
EndProject
Global
	GlobalSection(SolutionConfigurationPlatforms) = preSolution
		Debug|Any CPU = Debug|Any CPU
		Release|Any CPU = Release|Any CPU
	EndGlobalSection
	GlobalSection(ProjectConfigurationPlatforms) = postSolution
		{9E44448D-F912-4686-ABBF-9951CB0F6AC5}.Debug|Any CPU.ActiveCfg = Debug|Any CPU
		{9E44448D-F912-4686-ABBF-9951CB0F6AC5}.Debug|Any CPU.Build.0 = Debug|Any CPU
		{9E44448D-F912-4686-ABBF-9951CB0F6AC5}.Release|Any CPU.ActiveCfg = Release|Any CPU
		{9E44448D-F912-4686-ABBF-9951CB0F6AC5}.Release|Any CPU.Build.0 = Release|Any CPU
	EndGlobalSection
	GlobalSection(SolutionProperties) = preSolution
		HideSolutionNode = FALSE
	EndGlobalSection
	GlobalSection(ExtensibilityGlobals) = postSolution
		SolutionGuid = {741E9E95-256B-45F1-BF55-B6FA58474D22}
	EndGlobalSection
EndGlobal
